
Microsoft Visual Studio Solution File, Format Version 12.00
# Visual Studio Version 17
VisualStudioVersion = 17.14.36202.13
MinimumVisualStudioVersion = 10.0.40219.1
Project("{FAE04EC0-301F-11D3-BF4B-00C04F79EFBC}") = "1_ProblemNo1", "1_ProblemNo1\1_ProblemNo1.csproj", "{A9D2F08B-9416-4466-BF9B-1647422AD197}"
EndProject
Project("{FAE04EC0-301F-11D3-BF4B-00C04F79EFBC}") = "2_ProblemNo_26", "2_ProblemNo_26\2_ProblemNo_26.csproj", "{785D35C4-E093-4CA2-B016-9CA1D29D9D6F}"
EndProject
Project("{FAE04EC0-301F-11D3-BF4B-00C04F79EFBC}") = "3_ProblemNo_27", "3_ProblemNo_27\3_ProblemNo_27.csproj", "{A8031784-DED3-426E-9547-30B208A40401}"
EndProject
Project("{FAE04EC0-301F-11D3-BF4B-00C04F79EFBC}") = "4_Problem_35", "4_Problem_35\4_Problem_35.csproj", "{2EDD3425-CFF7-44E9-9E81-4157B1D66A3E}"
EndProject
Project("{FAE04EC0-301F-11D3-BF4B-00C04F79EFBC}") = "5_Problem_66", "5_Problem_66\5_Problem_66.csproj", "{B6AA95FF-3549-4BAC-9C7B-CF87FDFAE16A}"
EndProject
Project("{FAE04EC0-301F-11D3-BF4B-00C04F79EFBC}") = "6_Problem_88", "6_Problem_88\6_Problem_88.csproj", "{86A88027-2DF8-4FAA-A903-113C4095219B}"
EndProject
Project("{FAE04EC0-301F-11D3-BF4B-00C04F79EFBC}") = "7_Problem_108", "7_Problem_108\7_Problem_108.csproj", "{EC1D00F2-9A04-4071-AF39-7627B87CC384}"
EndProject
Project("{FAE04EC0-301F-11D3-BF4B-00C04F79EFBC}") = "8_ProblemNo_136", "8_ProblemNo_136\8_ProblemNo_136.csproj", "{1CFF599D-EBCA-4E7E-8F3E-5AF7A070EDD0}"
EndProject
Project("{FAE04EC0-301F-11D3-BF4B-00C04F79EFBC}") = "9_ProblemNo_169", "9_ProblemNo_169\9_ProblemNo_169.csproj", "{58D95FE2-0B3E-4747-B2F1-10E9E0D1F03F}"
EndProject
Project("{FAE04EC0-301F-11D3-BF4B-00C04F79EFBC}") = "10_ProblemNo_217", "10_ProblemNo_217\10_ProblemNo_217.csproj", "{739E4BE7-5582-4F73-8AE5-07E85D5A360C}"
EndProject
Project("{FAE04EC0-301F-11D3-BF4B-00C04F79EFBC}") = "11_ProblemNo_219", "11_ProblemNo_219\11_ProblemNo_219.csproj", "{831B0851-FD90-4C31-B283-4D18864D7738}"
EndProject
Project("{FAE04EC0-301F-11D3-BF4B-00C04F79EFBC}") = "12_ProblemNo_228", "12_ProblemNo_228\12_ProblemNo_228.csproj", "{BC3728AC-C334-4319-8A61-333851E84CFA}"
EndProject
Project("{FAE04EC0-301F-11D3-BF4B-00C04F79EFBC}") = "13_ProblemNo_268", "13_ProblemNo_268\13_ProblemNo_268.csproj", "{F11FD268-21DD-4699-B0EB-2744A5E69404}"
EndProject
Project("{FAE04EC0-301F-11D3-BF4B-00C04F79EFBC}") = "14_ProblemNo_283", "14_ProblemNo_283\14_ProblemNo_283.csproj", "{94C7D3AE-ECDD-4B29-8D8B-D1AACBE8A75A}"
EndProject
Project("{FAE04EC0-301F-11D3-BF4B-00C04F79EFBC}") = "15_ProblemNo_303", "15_ProblemNo_303\15_ProblemNo_303.csproj", "{AB38E4D3-1CBE-48F3-8A69-69E606DAA0AD}"
EndProject
Project("{FAE04EC0-301F-11D3-BF4B-00C04F79EFBC}") = "16_ProblemNo_349", "16_ProblemNo_349\16_ProblemNo_349.csproj", "{EB75BAF5-A19E-4963-AA4B-20651650CF69}"
EndProject
Project("{FAE04EC0-301F-11D3-BF4B-00C04F79EFBC}") = "17_ProblemNo_350", "17_ProblemNo_350\17_ProblemNo_350.csproj", "{E62E3859-25FC-4270-8D18-2A66FD0EADC6}"
EndProject
Project("{FAE04EC0-301F-11D3-BF4B-00C04F79EFBC}") = "18_ProblemNo_414", "18_ProblemNo_414\18_ProblemNo_414.csproj", "{A2E75579-EEFC-4D7D-8782-F2E66C7400E1}"
EndProject
Project("{FAE04EC0-301F-11D3-BF4B-00C04F79EFBC}") = "19_ProblemNo_448", "19_ProblemNo_448\19_ProblemNo_448.csproj", "{8B377C98-7B27-4B24-B1D7-8AEBAE5AB3C9}"
EndProject
Project("{FAE04EC0-301F-11D3-BF4B-00C04F79EFBC}") = "20_ProblemNo_455", "20_ProblemNo_455\20_ProblemNo_455.csproj", "{0C3E9CBD-EF85-4040-8834-1392D3F63505}"
EndProject
Project("{FAE04EC0-301F-11D3-BF4B-00C04F79EFBC}") = "21_ProblemNo_463", "21_ProblemNo_463\21_ProblemNo_463.csproj", "{8EDD30D3-4F56-42B5-9495-0B3B9D8E4824}"
EndProject
Project("{FAE04EC0-301F-11D3-BF4B-00C04F79EFBC}") = "22_ProblemNo_485", "22_ProblemNo_485\22_ProblemNo_485.csproj", "{A7A86D38-5313-43A6-92E8-6214B943A882}"
EndProject
Project("{FAE04EC0-301F-11D3-BF4B-00C04F79EFBC}") = "23_ProblemNo_495", "23_ProblemNo_495\23_ProblemNo_495.csproj", "{90590214-ACDD-488F-88D7-D74E20DC3652}"
EndProject
Project("{FAE04EC0-301F-11D3-BF4B-00C04F79EFBC}") = "24_ProblemNo_496", "24_ProblemNo_496\24_ProblemNo_496.csproj", "{261947D1-FEF8-4D7F-BB81-FE1F9E7C0DB5}"
EndProject
Project("{FAE04EC0-301F-11D3-BF4B-00C04F79EFBC}") = "25_ProblemNo_500", "25_ProblemNo_500\25_ProblemNo_500.csproj", "{8029FEA9-392D-471B-BBAA-A914C44636F8}"
EndProject
Project("{FAE04EC0-301F-11D3-BF4B-00C04F79EFBC}") = "26_ProblemNo_506", "26_ProblemNo_506\26_ProblemNo_506.csproj", "{53B87BA1-7684-4A58-A8A1-017D285EF148}"
EndProject
Project("{FAE04EC0-301F-11D3-BF4B-00C04F79EFBC}") = "27_ProblemNo_561", "27_ProblemNo_561\27_ProblemNo_561.csproj", "{66B28726-F802-4563-BAC1-EBECC15E8833}"
EndProject
Project("{FAE04EC0-301F-11D3-BF4B-00C04F79EFBC}") = "28_ProblemNo_566", "28_ProblemNo_566\28_ProblemNo_566.csproj", "{54D134D6-1F6D-460F-A044-A15B06EBA381}"
EndProject
Project("{FAE04EC0-301F-11D3-BF4B-00C04F79EFBC}") = "29_ProblemNo_575", "29_ProblemNo_575\29_ProblemNo_575.csproj", "{2A92A6D4-B2B0-4816-8904-9029ADC17FF7}"
EndProject
Global
	GlobalSection(SolutionConfigurationPlatforms) = preSolution
		Debug|Any CPU = Debug|Any CPU
		Release|Any CPU = Release|Any CPU
	EndGlobalSection
	GlobalSection(ProjectConfigurationPlatforms) = postSolution
		{A9D2F08B-9416-4466-BF9B-1647422AD197}.Debug|Any CPU.ActiveCfg = Debug|Any CPU
		{A9D2F08B-9416-4466-BF9B-1647422AD197}.Debug|Any CPU.Build.0 = Debug|Any CPU
		{A9D2F08B-9416-4466-BF9B-1647422AD197}.Release|Any CPU.ActiveCfg = Release|Any CPU
		{A9D2F08B-9416-4466-BF9B-1647422AD197}.Release|Any CPU.Build.0 = Release|Any CPU
		{785D35C4-E093-4CA2-B016-9CA1D29D9D6F}.Debug|Any CPU.ActiveCfg = Debug|Any CPU
		{785D35C4-E093-4CA2-B016-9CA1D29D9D6F}.Debug|Any CPU.Build.0 = Debug|Any CPU
		{785D35C4-E093-4CA2-B016-9CA1D29D9D6F}.Release|Any CPU.ActiveCfg = Release|Any CPU
		{785D35C4-E093-4CA2-B016-9CA1D29D9D6F}.Release|Any CPU.Build.0 = Release|Any CPU
		{A8031784-DED3-426E-9547-30B208A40401}.Debug|Any CPU.ActiveCfg = Debug|Any CPU
		{A8031784-DED3-426E-9547-30B208A40401}.Debug|Any CPU.Build.0 = Debug|Any CPU
		{A8031784-DED3-426E-9547-30B208A40401}.Release|Any CPU.ActiveCfg = Release|Any CPU
		{A8031784-DED3-426E-9547-30B208A40401}.Release|Any CPU.Build.0 = Release|Any CPU
		{2EDD3425-CFF7-44E9-9E81-4157B1D66A3E}.Debug|Any CPU.ActiveCfg = Debug|Any CPU
		{2EDD3425-CFF7-44E9-9E81-4157B1D66A3E}.Debug|Any CPU.Build.0 = Debug|Any CPU
		{2EDD3425-CFF7-44E9-9E81-4157B1D66A3E}.Release|Any CPU.ActiveCfg = Release|Any CPU
		{2EDD3425-CFF7-44E9-9E81-4157B1D66A3E}.Release|Any CPU.Build.0 = Release|Any CPU
		{B6AA95FF-3549-4BAC-9C7B-CF87FDFAE16A}.Debug|Any CPU.ActiveCfg = Debug|Any CPU
		{B6AA95FF-3549-4BAC-9C7B-CF87FDFAE16A}.Debug|Any CPU.Build.0 = Debug|Any CPU
		{B6AA95FF-3549-4BAC-9C7B-CF87FDFAE16A}.Release|Any CPU.ActiveCfg = Release|Any CPU
		{B6AA95FF-3549-4BAC-9C7B-CF87FDFAE16A}.Release|Any CPU.Build.0 = Release|Any CPU
		{86A88027-2DF8-4FAA-A903-113C4095219B}.Debug|Any CPU.ActiveCfg = Debug|Any CPU
		{86A88027-2DF8-4FAA-A903-113C4095219B}.Debug|Any CPU.Build.0 = Debug|Any CPU
		{86A88027-2DF8-4FAA-A903-113C4095219B}.Release|Any CPU.ActiveCfg = Release|Any CPU
		{86A88027-2DF8-4FAA-A903-113C4095219B}.Release|Any CPU.Build.0 = Release|Any CPU
		{EC1D00F2-9A04-4071-AF39-7627B87CC384}.Debug|Any CPU.ActiveCfg = Debug|Any CPU
		{EC1D00F2-9A04-4071-AF39-7627B87CC384}.Debug|Any CPU.Build.0 = Debug|Any CPU
		{EC1D00F2-9A04-4071-AF39-7627B87CC384}.Release|Any CPU.ActiveCfg = Release|Any CPU
		{EC1D00F2-9A04-4071-AF39-7627B87CC384}.Release|Any CPU.Build.0 = Release|Any CPU
		{1CFF599D-EBCA-4E7E-8F3E-5AF7A070EDD0}.Debug|Any CPU.ActiveCfg = Debug|Any CPU
		{1CFF599D-EBCA-4E7E-8F3E-5AF7A070EDD0}.Debug|Any CPU.Build.0 = Debug|Any CPU
		{1CFF599D-EBCA-4E7E-8F3E-5AF7A070EDD0}.Release|Any CPU.ActiveCfg = Release|Any CPU
		{1CFF599D-EBCA-4E7E-8F3E-5AF7A070EDD0}.Release|Any CPU.Build.0 = Release|Any CPU
		{58D95FE2-0B3E-4747-B2F1-10E9E0D1F03F}.Debug|Any CPU.ActiveCfg = Debug|Any CPU
		{58D95FE2-0B3E-4747-B2F1-10E9E0D1F03F}.Debug|Any CPU.Build.0 = Debug|Any CPU
		{58D95FE2-0B3E-4747-B2F1-10E9E0D1F03F}.Release|Any CPU.ActiveCfg = Release|Any CPU
		{58D95FE2-0B3E-4747-B2F1-10E9E0D1F03F}.Release|Any CPU.Build.0 = Release|Any CPU
		{739E4BE7-5582-4F73-8AE5-07E85D5A360C}.Debug|Any CPU.ActiveCfg = Debug|Any CPU
		{739E4BE7-5582-4F73-8AE5-07E85D5A360C}.Debug|Any CPU.Build.0 = Debug|Any CPU
		{739E4BE7-5582-4F73-8AE5-07E85D5A360C}.Release|Any CPU.ActiveCfg = Release|Any CPU
		{739E4BE7-5582-4F73-8AE5-07E85D5A360C}.Release|Any CPU.Build.0 = Release|Any CPU
		{831B0851-FD90-4C31-B283-4D18864D7738}.Debug|Any CPU.ActiveCfg = Debug|Any CPU
		{831B0851-FD90-4C31-B283-4D18864D7738}.Debug|Any CPU.Build.0 = Debug|Any CPU
		{831B0851-FD90-4C31-B283-4D18864D7738}.Release|Any CPU.ActiveCfg = Release|Any CPU
		{831B0851-FD90-4C31-B283-4D18864D7738}.Release|Any CPU.Build.0 = Release|Any CPU
		{BC3728AC-C334-4319-8A61-333851E84CFA}.Debug|Any CPU.ActiveCfg = Debug|Any CPU
		{BC3728AC-C334-4319-8A61-333851E84CFA}.Debug|Any CPU.Build.0 = Debug|Any CPU
		{BC3728AC-C334-4319-8A61-333851E84CFA}.Release|Any CPU.ActiveCfg = Release|Any CPU
		{BC3728AC-C334-4319-8A61-333851E84CFA}.Release|Any CPU.Build.0 = Release|Any CPU
		{F11FD268-21DD-4699-B0EB-2744A5E69404}.Debug|Any CPU.ActiveCfg = Debug|Any CPU
		{F11FD268-21DD-4699-B0EB-2744A5E69404}.Debug|Any CPU.Build.0 = Debug|Any CPU
		{F11FD268-21DD-4699-B0EB-2744A5E69404}.Release|Any CPU.ActiveCfg = Release|Any CPU
		{F11FD268-21DD-4699-B0EB-2744A5E69404}.Release|Any CPU.Build.0 = Release|Any CPU
		{94C7D3AE-ECDD-4B29-8D8B-D1AACBE8A75A}.Debug|Any CPU.ActiveCfg = Debug|Any CPU
		{94C7D3AE-ECDD-4B29-8D8B-D1AACBE8A75A}.Debug|Any CPU.Build.0 = Debug|Any CPU
		{94C7D3AE-ECDD-4B29-8D8B-D1AACBE8A75A}.Release|Any CPU.ActiveCfg = Release|Any CPU
		{94C7D3AE-ECDD-4B29-8D8B-D1AACBE8A75A}.Release|Any CPU.Build.0 = Release|Any CPU
		{AB38E4D3-1CBE-48F3-8A69-69E606DAA0AD}.Debug|Any CPU.ActiveCfg = Debug|Any CPU
		{AB38E4D3-1CBE-48F3-8A69-69E606DAA0AD}.Debug|Any CPU.Build.0 = Debug|Any CPU
		{AB38E4D3-1CBE-48F3-8A69-69E606DAA0AD}.Release|Any CPU.ActiveCfg = Release|Any CPU
		{AB38E4D3-1CBE-48F3-8A69-69E606DAA0AD}.Release|Any CPU.Build.0 = Release|Any CPU
		{EB75BAF5-A19E-4963-AA4B-20651650CF69}.Debug|Any CPU.ActiveCfg = Debug|Any CPU
		{EB75BAF5-A19E-4963-AA4B-20651650CF69}.Debug|Any CPU.Build.0 = Debug|Any CPU
		{EB75BAF5-A19E-4963-AA4B-20651650CF69}.Release|Any CPU.ActiveCfg = Release|Any CPU
		{EB75BAF5-A19E-4963-AA4B-20651650CF69}.Release|Any CPU.Build.0 = Release|Any CPU
		{E62E3859-25FC-4270-8D18-2A66FD0EADC6}.Debug|Any CPU.ActiveCfg = Debug|Any CPU
		{E62E3859-25FC-4270-8D18-2A66FD0EADC6}.Debug|Any CPU.Build.0 = Debug|Any CPU
		{E62E3859-25FC-4270-8D18-2A66FD0EADC6}.Release|Any CPU.ActiveCfg = Release|Any CPU
		{E62E3859-25FC-4270-8D18-2A66FD0EADC6}.Release|Any CPU.Build.0 = Release|Any CPU
		{A2E75579-EEFC-4D7D-8782-F2E66C7400E1}.Debug|Any CPU.ActiveCfg = Debug|Any CPU
		{A2E75579-EEFC-4D7D-8782-F2E66C7400E1}.Debug|Any CPU.Build.0 = Debug|Any CPU
		{A2E75579-EEFC-4D7D-8782-F2E66C7400E1}.Release|Any CPU.ActiveCfg = Release|Any CPU
		{A2E75579-EEFC-4D7D-8782-F2E66C7400E1}.Release|Any CPU.Build.0 = Release|Any CPU
		{8B377C98-7B27-4B24-B1D7-8AEBAE5AB3C9}.Debug|Any CPU.ActiveCfg = Debug|Any CPU
		{8B377C98-7B27-4B24-B1D7-8AEBAE5AB3C9}.Debug|Any CPU.Build.0 = Debug|Any CPU
		{8B377C98-7B27-4B24-B1D7-8AEBAE5AB3C9}.Release|Any CPU.ActiveCfg = Release|Any CPU
		{8B377C98-7B27-4B24-B1D7-8AEBAE5AB3C9}.Release|Any CPU.Build.0 = Release|Any CPU
		{0C3E9CBD-EF85-4040-8834-1392D3F63505}.Debug|Any CPU.ActiveCfg = Debug|Any CPU
		{0C3E9CBD-EF85-4040-8834-1392D3F63505}.Debug|Any CPU.Build.0 = Debug|Any CPU
		{0C3E9CBD-EF85-4040-8834-1392D3F63505}.Release|Any CPU.ActiveCfg = Release|Any CPU
		{0C3E9CBD-EF85-4040-8834-1392D3F63505}.Release|Any CPU.Build.0 = Release|Any CPU
		{8EDD30D3-4F56-42B5-9495-0B3B9D8E4824}.Debug|Any CPU.ActiveCfg = Debug|Any CPU
		{8EDD30D3-4F56-42B5-9495-0B3B9D8E4824}.Debug|Any CPU.Build.0 = Debug|Any CPU
		{8EDD30D3-4F56-42B5-9495-0B3B9D8E4824}.Release|Any CPU.ActiveCfg = Release|Any CPU
		{8EDD30D3-4F56-42B5-9495-0B3B9D8E4824}.Release|Any CPU.Build.0 = Release|Any CPU
		{A7A86D38-5313-43A6-92E8-6214B943A882}.Debug|Any CPU.ActiveCfg = Debug|Any CPU
		{A7A86D38-5313-43A6-92E8-6214B943A882}.Debug|Any CPU.Build.0 = Debug|Any CPU
		{A7A86D38-5313-43A6-92E8-6214B943A882}.Release|Any CPU.ActiveCfg = Release|Any CPU
		{A7A86D38-5313-43A6-92E8-6214B943A882}.Release|Any CPU.Build.0 = Release|Any CPU
		{90590214-ACDD-488F-88D7-D74E20DC3652}.Debug|Any CPU.ActiveCfg = Debug|Any CPU
		{90590214-ACDD-488F-88D7-D74E20DC3652}.Debug|Any CPU.Build.0 = Debug|Any CPU
		{90590214-ACDD-488F-88D7-D74E20DC3652}.Release|Any CPU.ActiveCfg = Release|Any CPU
		{90590214-ACDD-488F-88D7-D74E20DC3652}.Release|Any CPU.Build.0 = Release|Any CPU
		{261947D1-FEF8-4D7F-BB81-FE1F9E7C0DB5}.Debug|Any CPU.ActiveCfg = Debug|Any CPU
		{261947D1-FEF8-4D7F-BB81-FE1F9E7C0DB5}.Debug|Any CPU.Build.0 = Debug|Any CPU
		{261947D1-FEF8-4D7F-BB81-FE1F9E7C0DB5}.Release|Any CPU.ActiveCfg = Release|Any CPU
		{261947D1-FEF8-4D7F-BB81-FE1F9E7C0DB5}.Release|Any CPU.Build.0 = Release|Any CPU
		{8029FEA9-392D-471B-BBAA-A914C44636F8}.Debug|Any CPU.ActiveCfg = Debug|Any CPU
		{8029FEA9-392D-471B-BBAA-A914C44636F8}.Debug|Any CPU.Build.0 = Debug|Any CPU
		{8029FEA9-392D-471B-BBAA-A914C44636F8}.Release|Any CPU.ActiveCfg = Release|Any CPU
		{8029FEA9-392D-471B-BBAA-A914C44636F8}.Release|Any CPU.Build.0 = Release|Any CPU
		{53B87BA1-7684-4A58-A8A1-017D285EF148}.Debug|Any CPU.ActiveCfg = Debug|Any CPU
		{53B87BA1-7684-4A58-A8A1-017D285EF148}.Debug|Any CPU.Build.0 = Debug|Any CPU
		{53B87BA1-7684-4A58-A8A1-017D285EF148}.Release|Any CPU.ActiveCfg = Release|Any CPU
		{53B87BA1-7684-4A58-A8A1-017D285EF148}.Release|Any CPU.Build.0 = Release|Any CPU
		{66B28726-F802-4563-BAC1-EBECC15E8833}.Debug|Any CPU.ActiveCfg = Debug|Any CPU
		{66B28726-F802-4563-BAC1-EBECC15E8833}.Debug|Any CPU.Build.0 = Debug|Any CPU
		{66B28726-F802-4563-BAC1-EBECC15E8833}.Release|Any CPU.ActiveCfg = Release|Any CPU
		{66B28726-F802-4563-BAC1-EBECC15E8833}.Release|Any CPU.Build.0 = Release|Any CPU
		{54D134D6-1F6D-460F-A044-A15B06EBA381}.Debug|Any CPU.ActiveCfg = Debug|Any CPU
		{54D134D6-1F6D-460F-A044-A15B06EBA381}.Debug|Any CPU.Build.0 = Debug|Any CPU
		{54D134D6-1F6D-460F-A044-A15B06EBA381}.Release|Any CPU.ActiveCfg = Release|Any CPU
		{54D134D6-1F6D-460F-A044-A15B06EBA381}.Release|Any CPU.Build.0 = Release|Any CPU
		{2A92A6D4-B2B0-4816-8904-9029ADC17FF7}.Debug|Any CPU.ActiveCfg = Debug|Any CPU
		{2A92A6D4-B2B0-4816-8904-9029ADC17FF7}.Debug|Any CPU.Build.0 = Debug|Any CPU
		{2A92A6D4-B2B0-4816-8904-9029ADC17FF7}.Release|Any CPU.ActiveCfg = Release|Any CPU
		{2A92A6D4-B2B0-4816-8904-9029ADC17FF7}.Release|Any CPU.Build.0 = Release|Any CPU
	EndGlobalSection
	GlobalSection(SolutionProperties) = preSolution
		HideSolutionNode = FALSE
	EndGlobalSection
	GlobalSection(ExtensibilityGlobals) = postSolution
		SolutionGuid = {3987A47C-A21A-49A6-BD2C-122D285A81E4}
	EndGlobalSection
EndGlobal
